
Microsoft Visual Studio Solution File, Format Version 12.00
# Visual Studio 2013
VisualStudioVersion = 12.0.40629.0
MinimumVisualStudioVersion = 10.0.40219.1
Project("{FAE04EC0-301F-11D3-BF4B-00C04F79EFBC}") = "FFAssessment-Web-API", "FFAssessment-Web-API\FFAssessment-Web-API.csproj", "{D65AD3FB-0085-4408-AFDD-6F7937781030}"
EndProject
Project("{FAE04EC0-301F-11D3-BF4B-00C04F79EFBC}") = "DL", "DL\DL.csproj", "{8B016C0E-E3EA-432E-B4AA-D9180ABDB2AE}"
EndProject
Global
	GlobalSection(SolutionConfigurationPlatforms) = preSolution
		Debug|Any CPU = Debug|Any CPU
		Release|Any CPU = Release|Any CPU
	EndGlobalSection
	GlobalSection(ProjectConfigurationPlatforms) = postSolution
		{D65AD3FB-0085-4408-AFDD-6F7937781030}.Debug|Any CPU.ActiveCfg = Debug|Any CPU
		{D65AD3FB-0085-4408-AFDD-6F7937781030}.Debug|Any CPU.Build.0 = Debug|Any CPU
		{D65AD3FB-0085-4408-AFDD-6F7937781030}.Release|Any CPU.ActiveCfg = Release|Any CPU
		{D65AD3FB-0085-4408-AFDD-6F7937781030}.Release|Any CPU.Build.0 = Release|Any CPU
		{8B016C0E-E3EA-432E-B4AA-D9180ABDB2AE}.Debug|Any CPU.ActiveCfg = Debug|Any CPU
		{8B016C0E-E3EA-432E-B4AA-D9180ABDB2AE}.Debug|Any CPU.Build.0 = Debug|Any CPU
		{8B016C0E-E3EA-432E-B4AA-D9180ABDB2AE}.Release|Any CPU.ActiveCfg = Release|Any CPU
		{8B016C0E-E3EA-432E-B4AA-D9180ABDB2AE}.Release|Any CPU.Build.0 = Release|Any CPU
	EndGlobalSection
	GlobalSection(SolutionProperties) = preSolution
		HideSolutionNode = FALSE
	EndGlobalSection
EndGlobal
